
Microsoft Visual Studio Solution File, Format Version 12.00
# Visual Studio Version 17
VisualStudioVersion = 17.9.34701.34
MinimumVisualStudioVersion = 10.0.40219.1
Project("{FAE04EC0-301F-11D3-BF4B-00C04F79EFBC}") = "RushHourCalculator", "RushHourCalculator.csproj", "{F26176B3-F55A-4A48-86B1-485A2B73F460}"
EndProject
Global
	GlobalSection(SolutionConfigurationPlatforms) = preSolution
		Debug|Any CPU = Debug|Any CPU
		Release|Any CPU = Release|Any CPU
	EndGlobalSection
	GlobalSection(ProjectConfigurationPlatforms) = postSolution
		{F26176B3-F55A-4A48-86B1-485A2B73F460}.Debug|Any CPU.ActiveCfg = Debug|Any CPU
		{F26176B3-F55A-4A48-86B1-485A2B73F460}.Debug|Any CPU.Build.0 = Debug|Any CPU
		{F26176B3-F55A-4A48-86B1-485A2B73F460}.Release|Any CPU.ActiveCfg = Release|Any CPU
		{F26176B3-F55A-4A48-86B1-485A2B73F460}.Release|Any CPU.Build.0 = Release|Any CPU
	EndGlobalSection
	GlobalSection(SolutionProperties) = preSolution
		HideSolutionNode = FALSE
	EndGlobalSection
	GlobalSection(ExtensibilityGlobals) = postSolution
		SolutionGuid = {BEF30D82-9C6A-4A5D-8CD9-8FD4B6627F10}
	EndGlobalSection
EndGlobal
